
Microsoft Visual Studio Solution File, Format Version 12.00
# Visual Studio 15
VisualStudioVersion = 15.0.28010.2016
MinimumVisualStudioVersion = 10.0.40219.1
Project("{8BC9CEB8-8B4A-11D0-8D11-00A0C91BC942}") = "nagyhazi", "nagyhazi\nagyhazi.vcxproj", "{EA34E694-9AC1-4FA0-AFF2-0AA117A33BE6}"
EndProject
Global
	GlobalSection(SolutionConfigurationPlatforms) = preSolution
		Debug|x64 = Debug|x64
		Debug|x86 = Debug|x86
		Release|x64 = Release|x64
		Release|x86 = Release|x86
	EndGlobalSection
	GlobalSection(ProjectConfigurationPlatforms) = postSolution
		{EA34E694-9AC1-4FA0-AFF2-0AA117A33BE6}.Debug|x64.ActiveCfg = Debug|x64
		{EA34E694-9AC1-4FA0-AFF2-0AA117A33BE6}.Debug|x64.Build.0 = Debug|x64
		{EA34E694-9AC1-4FA0-AFF2-0AA117A33BE6}.Debug|x86.ActiveCfg = Debug|Win32
		{EA34E694-9AC1-4FA0-AFF2-0AA117A33BE6}.Debug|x86.Build.0 = Debug|Win32
		{EA34E694-9AC1-4FA0-AFF2-0AA117A33BE6}.Release|x64.ActiveCfg = Release|x64
		{EA34E694-9AC1-4FA0-AFF2-0AA117A33BE6}.Release|x64.Build.0 = Release|x64
		{EA34E694-9AC1-4FA0-AFF2-0AA117A33BE6}.Release|x86.ActiveCfg = Release|Win32
		{EA34E694-9AC1-4FA0-AFF2-0AA117A33BE6}.Release|x86.Build.0 = Release|Win32
	EndGlobalSection
	GlobalSection(SolutionProperties) = preSolution
		HideSolutionNode = FALSE
	EndGlobalSection
	GlobalSection(ExtensibilityGlobals) = postSolution
		SolutionGuid = {1B4B9BA1-9607-4FCE-9356-CF331491BA29}
	EndGlobalSection
EndGlobal
